
Microsoft Visual Studio Solution File, Format Version 12.00
# Visual Studio 15
VisualStudioVersion = 15.0.27428.2027
MinimumVisualStudioVersion = 10.0.40219.1
Project("{FAE04EC0-301F-11D3-BF4B-00C04F79EFBC}") = "SuperAdventure", "SuperAdventure\SuperAdventure.csproj", "{556D4D05-EA2B-488B-B02F-2285521F63A1}"
EndProject
Project("{FAE04EC0-301F-11D3-BF4B-00C04F79EFBC}") = "Engine", "ClassLibrary1\Engine.csproj", "{E1F481FF-8A4A-4224-8FDB-B8D061182AA9}"
EndProject
Project("{FAE04EC0-301F-11D3-BF4B-00C04F79EFBC}") = "SuperAdventureConsole", "SuperAdventureConsole\SuperAdventureConsole.csproj", "{A29C8C33-7CD4-4941-BEF9-554A049CF1B0}"
EndProject
Global
	GlobalSection(SolutionConfigurationPlatforms) = preSolution
		Debug|Any CPU = Debug|Any CPU
		Release|Any CPU = Release|Any CPU
	EndGlobalSection
	GlobalSection(ProjectConfigurationPlatforms) = postSolution
		{556D4D05-EA2B-488B-B02F-2285521F63A1}.Debug|Any CPU.ActiveCfg = Debug|Any CPU
		{556D4D05-EA2B-488B-B02F-2285521F63A1}.Debug|Any CPU.Build.0 = Debug|Any CPU
		{556D4D05-EA2B-488B-B02F-2285521F63A1}.Release|Any CPU.ActiveCfg = Release|Any CPU
		{556D4D05-EA2B-488B-B02F-2285521F63A1}.Release|Any CPU.Build.0 = Release|Any CPU
		{E1F481FF-8A4A-4224-8FDB-B8D061182AA9}.Debug|Any CPU.ActiveCfg = Debug|Any CPU
		{E1F481FF-8A4A-4224-8FDB-B8D061182AA9}.Debug|Any CPU.Build.0 = Debug|Any CPU
		{E1F481FF-8A4A-4224-8FDB-B8D061182AA9}.Release|Any CPU.ActiveCfg = Release|Any CPU
		{E1F481FF-8A4A-4224-8FDB-B8D061182AA9}.Release|Any CPU.Build.0 = Release|Any CPU
		{A29C8C33-7CD4-4941-BEF9-554A049CF1B0}.Debug|Any CPU.ActiveCfg = Debug|Any CPU
		{A29C8C33-7CD4-4941-BEF9-554A049CF1B0}.Debug|Any CPU.Build.0 = Debug|Any CPU
		{A29C8C33-7CD4-4941-BEF9-554A049CF1B0}.Release|Any CPU.ActiveCfg = Release|Any CPU
		{A29C8C33-7CD4-4941-BEF9-554A049CF1B0}.Release|Any CPU.Build.0 = Release|Any CPU
	EndGlobalSection
	GlobalSection(SolutionProperties) = preSolution
		HideSolutionNode = FALSE
	EndGlobalSection
	GlobalSection(ExtensibilityGlobals) = postSolution
		SolutionGuid = {E6F46518-8BC7-4B8B-A0E1-E46AD7E4778B}
	EndGlobalSection
EndGlobal
